
Microsoft Visual Studio Solution File, Format Version 12.00
# Visual Studio 2013
VisualStudioVersion = 12.0.31101.0
MinimumVisualStudioVersion = 10.0.40219.1
Project("{FAE04EC0-301F-11D3-BF4B-00C04F79EFBC}") = "Inceptor", "Inceptor.csproj", "{EF9EBE19-020F-4C8D-B3DD-53629413440D}"
EndProject
Project("{FAE04EC0-301F-11D3-BF4B-00C04F79EFBC}") = "InceptorAssembly", "InceptorAssembly\InceptorAssembly.csproj", "{467518BD-9B03-4362-BC13-F43F4881FB28}"
EndProject
Global
	GlobalSection(SolutionConfigurationPlatforms) = preSolution
		Debug|Any CPU = Debug|Any CPU
		Release|Any CPU = Release|Any CPU
	EndGlobalSection
	GlobalSection(ProjectConfigurationPlatforms) = postSolution
		{EF9EBE19-020F-4C8D-B3DD-53629413440D}.Debug|Any CPU.ActiveCfg = Debug|Any CPU
		{EF9EBE19-020F-4C8D-B3DD-53629413440D}.Debug|Any CPU.Build.0 = Debug|Any CPU
		{EF9EBE19-020F-4C8D-B3DD-53629413440D}.Release|Any CPU.ActiveCfg = Release|Any CPU
		{EF9EBE19-020F-4C8D-B3DD-53629413440D}.Release|Any CPU.Build.0 = Release|Any CPU
		{467518BD-9B03-4362-BC13-F43F4881FB28}.Debug|Any CPU.ActiveCfg = Debug|Any CPU
		{467518BD-9B03-4362-BC13-F43F4881FB28}.Debug|Any CPU.Build.0 = Debug|Any CPU
		{467518BD-9B03-4362-BC13-F43F4881FB28}.Release|Any CPU.ActiveCfg = Release|Any CPU
		{467518BD-9B03-4362-BC13-F43F4881FB28}.Release|Any CPU.Build.0 = Release|Any CPU
	EndGlobalSection
	GlobalSection(SolutionProperties) = preSolution
		HideSolutionNode = FALSE
	EndGlobalSection
EndGlobal
